
Microsoft Visual Studio Solution File, Format Version 12.00
# Visual Studio 15
VisualStudioVersion = 15.0.27130.2003
MinimumVisualStudioVersion = 10.0.40219.1
Project("{FAE04EC0-301F-11D3-BF4B-00C04F79EFBC}") = "Xinop", "Xinop\Xinop.csproj", "{DE722705-C9F8-494E-8229-25960A151CDA}"
EndProject
Global
	GlobalSection(SolutionConfigurationPlatforms) = preSolution
		Debug|Any CPU = Debug|Any CPU
		Release|Any CPU = Release|Any CPU
	EndGlobalSection
	GlobalSection(ProjectConfigurationPlatforms) = postSolution
		{DE722705-C9F8-494E-8229-25960A151CDA}.Debug|Any CPU.ActiveCfg = Debug|Any CPU
		{DE722705-C9F8-494E-8229-25960A151CDA}.Debug|Any CPU.Build.0 = Debug|Any CPU
		{DE722705-C9F8-494E-8229-25960A151CDA}.Release|Any CPU.ActiveCfg = Release|Any CPU
		{DE722705-C9F8-494E-8229-25960A151CDA}.Release|Any CPU.Build.0 = Release|Any CPU
	EndGlobalSection
	GlobalSection(SolutionProperties) = preSolution
		HideSolutionNode = FALSE
	EndGlobalSection
	GlobalSection(ExtensibilityGlobals) = postSolution
		SolutionGuid = {B32EA41E-328E-4D88-B26E-CE7EF65357F8}
	EndGlobalSection
EndGlobal
